
Microsoft Visual Studio Solution File, Format Version 12.00
# Visual Studio Version 16
VisualStudioVersion = 16.0.31624.102
MinimumVisualStudioVersion = 10.0.40219.1
Project("{FAE04EC0-301F-11D3-BF4B-00C04F79EFBC}") = "Entities", "Entities\Entities.csproj", "{B75967D7-F844-40D4-9DB3-DE1BA404229F}"
EndProject
Project("{FAE04EC0-301F-11D3-BF4B-00C04F79EFBC}") = "DataAccess", "DataAccess\DataAccess.csproj", "{C43E70C7-28C9-4FD7-8810-58560882F762}"
EndProject
Project("{FAE04EC0-301F-11D3-BF4B-00C04F79EFBC}") = "Business", "Business\Business.csproj", "{FFEA1DED-8F2F-4FD0-BF3C-9BE75455C7D4}"
EndProject
Project("{FAE04EC0-301F-11D3-BF4B-00C04F79EFBC}") = "Core", "Core\Core.csproj", "{76FFD27D-038D-4AFC-AFE8-502EBE8C2FF5}"
EndProject
Project("{FAE04EC0-301F-11D3-BF4B-00C04F79EFBC}") = "WebApi", "WebApi\WebApi.csproj", "{347076F9-CD7B-4252-B9D2-6D1C3CA721CB}"
EndProject
Global
	GlobalSection(SolutionConfigurationPlatforms) = preSolution
		Debug|Any CPU = Debug|Any CPU
		Release|Any CPU = Release|Any CPU
	EndGlobalSection
	GlobalSection(ProjectConfigurationPlatforms) = postSolution
		{B75967D7-F844-40D4-9DB3-DE1BA404229F}.Debug|Any CPU.ActiveCfg = Debug|Any CPU
		{B75967D7-F844-40D4-9DB3-DE1BA404229F}.Debug|Any CPU.Build.0 = Debug|Any CPU
		{B75967D7-F844-40D4-9DB3-DE1BA404229F}.Release|Any CPU.ActiveCfg = Release|Any CPU
		{B75967D7-F844-40D4-9DB3-DE1BA404229F}.Release|Any CPU.Build.0 = Release|Any CPU
		{C43E70C7-28C9-4FD7-8810-58560882F762}.Debug|Any CPU.ActiveCfg = Debug|Any CPU
		{C43E70C7-28C9-4FD7-8810-58560882F762}.Debug|Any CPU.Build.0 = Debug|Any CPU
		{C43E70C7-28C9-4FD7-8810-58560882F762}.Release|Any CPU.ActiveCfg = Release|Any CPU
		{C43E70C7-28C9-4FD7-8810-58560882F762}.Release|Any CPU.Build.0 = Release|Any CPU
		{FFEA1DED-8F2F-4FD0-BF3C-9BE75455C7D4}.Debug|Any CPU.ActiveCfg = Debug|Any CPU
		{FFEA1DED-8F2F-4FD0-BF3C-9BE75455C7D4}.Debug|Any CPU.Build.0 = Debug|Any CPU
		{FFEA1DED-8F2F-4FD0-BF3C-9BE75455C7D4}.Release|Any CPU.ActiveCfg = Release|Any CPU
		{FFEA1DED-8F2F-4FD0-BF3C-9BE75455C7D4}.Release|Any CPU.Build.0 = Release|Any CPU
		{76FFD27D-038D-4AFC-AFE8-502EBE8C2FF5}.Debug|Any CPU.ActiveCfg = Debug|Any CPU
		{76FFD27D-038D-4AFC-AFE8-502EBE8C2FF5}.Debug|Any CPU.Build.0 = Debug|Any CPU
		{76FFD27D-038D-4AFC-AFE8-502EBE8C2FF5}.Release|Any CPU.ActiveCfg = Release|Any CPU
		{76FFD27D-038D-4AFC-AFE8-502EBE8C2FF5}.Release|Any CPU.Build.0 = Release|Any CPU
		{347076F9-CD7B-4252-B9D2-6D1C3CA721CB}.Debug|Any CPU.ActiveCfg = Debug|Any CPU
		{347076F9-CD7B-4252-B9D2-6D1C3CA721CB}.Debug|Any CPU.Build.0 = Debug|Any CPU
		{347076F9-CD7B-4252-B9D2-6D1C3CA721CB}.Release|Any CPU.ActiveCfg = Release|Any CPU
		{347076F9-CD7B-4252-B9D2-6D1C3CA721CB}.Release|Any CPU.Build.0 = Release|Any CPU
	EndGlobalSection
	GlobalSection(SolutionProperties) = preSolution
		HideSolutionNode = FALSE
	EndGlobalSection
	GlobalSection(ExtensibilityGlobals) = postSolution
		SolutionGuid = {DC290962-54BD-48F5-8985-CC681AA000E2}
	EndGlobalSection
EndGlobal
